
Microsoft Visual Studio Solution File, Format Version 12.00
# Visual Studio Version 16
VisualStudioVersion = 16.0.31005.135
MinimumVisualStudioVersion = 10.0.40219.1
Project("{9A19103F-16F7-4668-BE54-9A1E7A4F7556}") = "VisitorRegistration_DAL", "VisitorRegistration_DAL\VisitorRegistration_DAL.csproj", "{6D5D34AA-0952-42C0-8544-4498039F38DB}"
EndProject
Project("{9A19103F-16F7-4668-BE54-9A1E7A4F7556}") = "VisitorRegistration_Models", "VisitorRegistration_Models\VisitorRegistration_Models.csproj", "{7CC7F1CF-B0AD-4EB8-BAB1-36B1F13F8A9B}"
EndProject
Project("{9A19103F-16F7-4668-BE54-9A1E7A4F7556}") = "VisitorRegistration_ASP", "VisitorRegistration_ASP\VisitorRegistration_ASP.csproj", "{6474DD8D-D8D6-48B5-98B3-5A30F44C66C1}"
EndProject
Project("{9A19103F-16F7-4668-BE54-9A1E7A4F7556}") = "VisitorRegistration_BLL", "VisitorRegistration_BL\VisitorRegistration_BLL.csproj", "{E4755C74-C386-4F61-BA63-36C1040D85D7}"
EndProject
Project("{FAE04EC0-301F-11D3-BF4B-00C04F79EFBC}") = "VisitorRegistration_API", "VisitorRegistration_API\VisitorRegistration_API.csproj", "{1A3F9920-3FA1-4B81-A73E-DD0A54516B17}"
EndProject
Global
	GlobalSection(SolutionConfigurationPlatforms) = preSolution
		Debug|Any CPU = Debug|Any CPU
		Release|Any CPU = Release|Any CPU
	EndGlobalSection
	GlobalSection(ProjectConfigurationPlatforms) = postSolution
		{6D5D34AA-0952-42C0-8544-4498039F38DB}.Debug|Any CPU.ActiveCfg = Debug|Any CPU
		{6D5D34AA-0952-42C0-8544-4498039F38DB}.Debug|Any CPU.Build.0 = Debug|Any CPU
		{6D5D34AA-0952-42C0-8544-4498039F38DB}.Release|Any CPU.ActiveCfg = Release|Any CPU
		{6D5D34AA-0952-42C0-8544-4498039F38DB}.Release|Any CPU.Build.0 = Release|Any CPU
		{7CC7F1CF-B0AD-4EB8-BAB1-36B1F13F8A9B}.Debug|Any CPU.ActiveCfg = Debug|Any CPU
		{7CC7F1CF-B0AD-4EB8-BAB1-36B1F13F8A9B}.Debug|Any CPU.Build.0 = Debug|Any CPU
		{7CC7F1CF-B0AD-4EB8-BAB1-36B1F13F8A9B}.Release|Any CPU.ActiveCfg = Release|Any CPU
		{7CC7F1CF-B0AD-4EB8-BAB1-36B1F13F8A9B}.Release|Any CPU.Build.0 = Release|Any CPU
		{6474DD8D-D8D6-48B5-98B3-5A30F44C66C1}.Debug|Any CPU.ActiveCfg = Debug|Any CPU
		{6474DD8D-D8D6-48B5-98B3-5A30F44C66C1}.Debug|Any CPU.Build.0 = Debug|Any CPU
		{6474DD8D-D8D6-48B5-98B3-5A30F44C66C1}.Release|Any CPU.ActiveCfg = Release|Any CPU
		{6474DD8D-D8D6-48B5-98B3-5A30F44C66C1}.Release|Any CPU.Build.0 = Release|Any CPU
		{E4755C74-C386-4F61-BA63-36C1040D85D7}.Debug|Any CPU.ActiveCfg = Debug|Any CPU
		{E4755C74-C386-4F61-BA63-36C1040D85D7}.Debug|Any CPU.Build.0 = Debug|Any CPU
		{E4755C74-C386-4F61-BA63-36C1040D85D7}.Release|Any CPU.ActiveCfg = Release|Any CPU
		{E4755C74-C386-4F61-BA63-36C1040D85D7}.Release|Any CPU.Build.0 = Release|Any CPU
		{1A3F9920-3FA1-4B81-A73E-DD0A54516B17}.Debug|Any CPU.ActiveCfg = Debug|Any CPU
		{1A3F9920-3FA1-4B81-A73E-DD0A54516B17}.Debug|Any CPU.Build.0 = Debug|Any CPU
		{1A3F9920-3FA1-4B81-A73E-DD0A54516B17}.Release|Any CPU.ActiveCfg = Release|Any CPU
		{1A3F9920-3FA1-4B81-A73E-DD0A54516B17}.Release|Any CPU.Build.0 = Release|Any CPU
	EndGlobalSection
	GlobalSection(SolutionProperties) = preSolution
		HideSolutionNode = FALSE
	EndGlobalSection
	GlobalSection(ExtensibilityGlobals) = postSolution
		SolutionGuid = {4C135077-646E-472A-B9F6-3C44D1C9DAD4}
	EndGlobalSection
EndGlobal
